# This file is autogenerated, do not edit; changes may be undone by the next 'dep ensure'.


[[projects]]
  branch = "master"
  name = "github.com/hashicorp/go-version"
  packages = ["."]
  revision = "270f2f71b1ee587f3b609f00f422b76a6b28f348"

[[projects]]
  branch = "master"
  name = "github.com/hashicorp/logutils"
  packages = ["."]
  revision = "0dc08b1671f34c4250ce212759ebd880f743d883"

[[projects]]
  name = "github.com/pact-foundation/pact-go"
  packages = [
    "client",
    "dsl",
    "install",
    "types",
    "utils"
  ]
  revision = "fbb4d204f345ec5ec903c088b4a642d6f32e2556"
  version = "v1.0.0-beta.1"

[solve-meta]
  analyzer-name = "dep"
  analyzer-version = 1
  inputs-digest = "cdff6366ed7f55b9f5ee3ed03a30256c2eb61b97e751c1af17c640d9ee30af7d"
  solver-name = "gps-cdcl"
  solver-version = 1
